
Microsoft Visual Studio Solution File, Format Version 12.00
# Visual Studio Version 17
VisualStudioVersion = 17.7.34003.232
MinimumVisualStudioVersion = 10.0.40219.1
Project("{FAE04EC0-301F-11D3-BF4B-00C04F79EFBC}") = "Stok Takip Uygulaması", "Stok Takip Uygulaması\Stok Takip Uygulaması.csproj", "{858C54C4-1315-4E0C-87C9-662CDC6CFC86}"
EndProject
Global
	GlobalSection(SolutionConfigurationPlatforms) = preSolution
		Debug|Any CPU = Debug|Any CPU
		Release|Any CPU = Release|Any CPU
	EndGlobalSection
	GlobalSection(ProjectConfigurationPlatforms) = postSolution
		{858C54C4-1315-4E0C-87C9-662CDC6CFC86}.Debug|Any CPU.ActiveCfg = Debug|Any CPU
		{858C54C4-1315-4E0C-87C9-662CDC6CFC86}.Debug|Any CPU.Build.0 = Debug|Any CPU
		{858C54C4-1315-4E0C-87C9-662CDC6CFC86}.Release|Any CPU.ActiveCfg = Release|Any CPU
		{858C54C4-1315-4E0C-87C9-662CDC6CFC86}.Release|Any CPU.Build.0 = Release|Any CPU
	EndGlobalSection
	GlobalSection(SolutionProperties) = preSolution
		HideSolutionNode = FALSE
	EndGlobalSection
	GlobalSection(ExtensibilityGlobals) = postSolution
		SolutionGuid = {7AB2B357-1644-4ECD-ACA3-7369E2F01EB8}
	EndGlobalSection
EndGlobal
